
Microsoft Visual Studio Solution File, Format Version 12.00
# Visual Studio 15
VisualStudioVersion = 15.0.26730.12
MinimumVisualStudioVersion = 10.0.40219.1
Project("{FAE04EC0-301F-11D3-BF4B-00C04F79EFBC}") = "find-max-crossing-subarray", "find-max-crossing-subarray\find-max-crossing-subarray.csproj", "{B38E189D-EE20-4D2D-81B9-7CEEF08050B1}"
EndProject
Global
	GlobalSection(SolutionConfigurationPlatforms) = preSolution
		Debug|Any CPU = Debug|Any CPU
		Release|Any CPU = Release|Any CPU
	EndGlobalSection
	GlobalSection(ProjectConfigurationPlatforms) = postSolution
		{B38E189D-EE20-4D2D-81B9-7CEEF08050B1}.Debug|Any CPU.ActiveCfg = Debug|Any CPU
		{B38E189D-EE20-4D2D-81B9-7CEEF08050B1}.Debug|Any CPU.Build.0 = Debug|Any CPU
		{B38E189D-EE20-4D2D-81B9-7CEEF08050B1}.Release|Any CPU.ActiveCfg = Release|Any CPU
		{B38E189D-EE20-4D2D-81B9-7CEEF08050B1}.Release|Any CPU.Build.0 = Release|Any CPU
	EndGlobalSection
	GlobalSection(SolutionProperties) = preSolution
		HideSolutionNode = FALSE
	EndGlobalSection
	GlobalSection(ExtensibilityGlobals) = postSolution
		SolutionGuid = {D0A99710-2DC2-470F-BCB2-0B40DEF9F21D}
	EndGlobalSection
EndGlobal
